{
  "name": "postgres",
  "lockfileVersion": 3,
  "requires": true,
  "packages": {
    "": {
      "dependencies": {
        "@prisma/client": "^6.16.2",
        "@types/graphql-fields": "^1.3.9",
        "graphql": "^16.11.0",
        "graphql-fields": "^2.0.3",
        "graphql-scalars": "^1.24.2",
        "graphql-yoga": "^5.16.0",
        "reflect-metadata": "0.2.2",
        "tslib": "^2.8.1",
        "type-graphql": "2.0.0-rc.2"
      },
      "devDependencies": {
        "@types/node": "^24.5.2",
        "class-validator": "^0.14.2",
        "prisma": "^6.16.2",
        "ts-node": "^10.9.2",
        "typescript": "~5.9.2"
      }
    },
    "node_modules/@cspotcode/source-map-support": {
      "version": "0.8.1",
      "dev": true,
      "license": "MIT",
      "dependencies": {
        "@jridgewell/trace-mapping": "0.3.9"
      },
      "engines": {
        "node": ">=12"
      }
    },
    "node_modules/@envelop/core": {
      "version": "5.3.2",
      "license": "MIT",
      "dependencies": {
        "@envelop/instrumentation": "^1.0.0",
        "@envelop/types": "^5.2.1",
        "@whatwg-node/promise-helpers": "^1.2.4",
        "tslib": "^2.5.0"
      },
      "engines": {
        "node": ">=18.0.0"
      }
    },
    "node_modules/@envelop/instrumentation": {
      "version": "1.0.0",
      "license": "MIT",
      "dependencies": {
        "@whatwg-node/promise-helpers": "^1.2.1",
        "tslib": "^2.5.0"
      },
      "engines": {
        "node": ">=18.0.0"
      }
    },
    "node_modules/@envelop/types": {
      "version": "5.2.1",
      "license": "MIT",
      "dependencies": {
        "@whatwg-node/promise-helpers": "^1.0.0",
        "tslib": "^2.5.0"
      },
      "engines": {
        "node": ">=18.0.0"
      }
    },
    "node_modules/@fastify/busboy": {
      "version": "3.2.0",
      "license": "MIT"
    },
    "node_modules/@graphql-tools/executor": {
      "version": "1.4.9",
      "license": "MIT",
      "dependencies": {
        "@graphql-tools/utils": "^10.9.1",
        "@graphql-typed-document-node/core": "^3.2.0",
        "@repeaterjs/repeater": "^3.0.4",
        "@whatwg-node/disposablestack": "^0.0.6",
        "@whatwg-node/promise-helpers": "^1.0.0",
        "tslib": "^2.4.0"
      },
      "engines": {
        "node": ">=16.0.0"
      },
      "peerDependencies": {
        "graphql": "^14.0.0 || ^15.0.0 || ^16.0.0 || ^17.0.0"
      }
    },
    "node_modules/@graphql-tools/merge": {
      "version": "9.1.1",
      "license": "MIT",
      "dependencies": {
        "@graphql-tools/utils": "^10.9.1",
        "tslib": "^2.4.0"
      },
      "engines": {
        "node": ">=16.0.0"
      },
      "peerDependencies": {
        "graphql": "^14.0.0 || ^15.0.0 || ^16.0.0 || ^17.0.0"
      }
    },
    "node_modules/@graphql-tools/schema": {
      "version": "10.0.25",
      "license": "MIT",
      "dependencies": {
        "@graphql-tools/merge": "^9.1.1",
        "@graphql-tools/utils": "^10.9.1",
        "tslib": "^2.4.0"
      },
      "engines": {
        "node": ">=16.0.0"
      },
      "peerDependencies": {
        "graphql": "^14.0.0 || ^15.0.0 || ^16.0.0 || ^17.0.0"
      }
    },
    "node_modules/@graphql-tools/utils": {
      "version": "10.9.1",
      "license": "MIT",
      "dependencies": {
        "@graphql-typed-document-node/core": "^3.1.1",
        "@whatwg-node/promise-helpers": "^1.0.0",
        "cross-inspect": "1.0.1",
        "dset": "^3.1.4",
        "tslib": "^2.4.0"
      },
      "engines": {
        "node": ">=16.0.0"
      },
      "peerDependencies": {
        "graphql": "^14.0.0 || ^15.0.0 || ^16.0.0 || ^17.0.0"
      }
    },
    "node_modules/@graphql-typed-document-node/core": {
      "version": "3.2.0",
      "license": "MIT",
      "peerDependencies": {
        "graphql": "^0.8.0 || ^0.9.0 || ^0.10.0 || ^0.11.0 || ^0.12.0 || ^0.13.0 || ^14.0.0 || ^15.0.0 || ^16.0.0 || ^17.0.0"
      }
    },
    "node_modules/@graphql-yoga/logger": {
      "version": "2.0.1",
      "license": "MIT",
      "dependencies": {
        "tslib": "^2.8.1"
      },
      "engines": {
        "node": ">=18.0.0"
      }
    },
    "node_modules/@graphql-yoga/subscription": {
      "version": "5.0.5",
      "license": "MIT",
      "dependencies": {
        "@graphql-yoga/typed-event-target": "^3.0.2",
        "@repeaterjs/repeater": "^3.0.4",
        "@whatwg-node/events": "^0.1.0",
        "tslib": "^2.8.1"
      },
      "engines": {
        "node": ">=18.0.0"
      }
    },
    "node_modules/@graphql-yoga/typed-event-target": {
      "version": "3.0.2",
      "license": "MIT",
      "dependencies": {
        "@repeaterjs/repeater": "^3.0.4",
        "tslib": "^2.8.1"
      },
      "engines": {
        "node": ">=18.0.0"
      }
    },
    "node_modules/@jridgewell/resolve-uri": {
      "version": "3.1.2",
      "dev": true,
      "license": "MIT",
      "engines": {
        "node": ">=6.0.0"
      }
    },
    "node_modules/@jridgewell/sourcemap-codec": {
      "version": "1.5.5",
      "dev": true,
      "license": "MIT"
    },
    "node_modules/@jridgewell/trace-mapping": {
      "version": "0.3.9",
      "dev": true,
      "license": "MIT",
      "dependencies": {
        "@jridgewell/resolve-uri": "^3.0.3",
        "@jridgewell/sourcemap-codec": "^1.4.10"
      }
    },
    "node_modules/@prisma/client": {
      "version": "6.16.2",
      "hasInstallScript": true,
      "license": "Apache-2.0",
      "engines": {
        "node": ">=18.18"
      },
      "peerDependencies": {
        "prisma": "*",
        "typescript": ">=5.1.0"
      },
      "peerDependenciesMeta": {
        "prisma": {
          "optional": true
        },
        "typescript": {
          "optional": true
        }
      }
    },
    "node_modules/@prisma/config": {
      "version": "6.16.2",
      "devOptional": true,
      "license": "Apache-2.0",
      "dependencies": {
        "c12": "3.1.0",
        "deepmerge-ts": "7.1.5",
        "effect": "3.16.12",
        "empathic": "2.0.0"
      }
    },
    "node_modules/@prisma/debug": {
      "version": "6.16.2",
      "devOptional": true,
      "license": "Apache-2.0"
    },
    "node_modules/@prisma/engines": {
      "version": "6.16.2",
      "devOptional": true,
      "hasInstallScript": true,
      "license": "Apache-2.0",
      "dependencies": {
        "@prisma/debug": "6.16.2",
        "@prisma/engines-version": "6.16.0-7.1c57fdcd7e44b29b9313256c76699e91c3ac3c43",
        "@prisma/fetch-engine": "6.16.2",
        "@prisma/get-platform": "6.16.2"
      }
    },
    "node_modules/@prisma/engines-version": {
      "version": "6.16.0-7.1c57fdcd7e44b29b9313256c76699e91c3ac3c43",
      "devOptional": true,
      "license": "Apache-2.0"
    },
    "node_modules/@prisma/fetch-engine": {
      "version": "6.16.2",
      "devOptional": true,
      "license": "Apache-2.0",
      "dependencies": {
        "@prisma/debug": "6.16.2",
        "@prisma/engines-version": "6.16.0-7.1c57fdcd7e44b29b9313256c76699e91c3ac3c43",
        "@prisma/get-platform": "6.16.2"
      }
    },
    "node_modules/@prisma/get-platform": {
      "version": "6.16.2",
      "devOptional": true,
      "license": "Apache-2.0",
      "dependencies": {
        "@prisma/debug": "6.16.2"
      }
    },
    "node_modules/@repeaterjs/repeater": {
      "version": "3.0.6",
      "license": "MIT"
    },
    "node_modules/@standard-schema/spec": {
      "version": "1.0.0",
      "devOptional": true,
      "license": "MIT"
    },
    "node_modules/@tsconfig/node10": {
      "version": "1.0.11",
      "dev": true,
      "license": "MIT"
    },
    "node_modules/@tsconfig/node12": {
      "version": "1.0.11",
      "dev": true,
      "license": "MIT"
    },
    "node_modules/@tsconfig/node14": {
      "version": "1.0.3",
      "dev": true,
      "license": "MIT"
    },
    "node_modules/@tsconfig/node16": {
      "version": "1.0.4",
      "dev": true,
      "license": "MIT"
    },
    "node_modules/@types/graphql-fields": {
      "version": "1.3.9",
      "license": "MIT",
      "dependencies": {
        "graphql": "*"
      }
    },
    "node_modules/@types/node": {
      "version": "24.5.2",
      "resolved": "https://registry.npmjs.org/@types/node/-/node-24.5.2.tgz",
      "integrity": "sha512-FYxk1I7wPv3K2XBaoyH2cTnocQEu8AOZ60hPbsyukMPLv5/5qr7V1i8PLHdl6Zf87I+xZXFvPCXYjiTFq+YSDQ==",
      "license": "MIT",
      "dependencies": {
        "undici-types": "~7.12.0"
      }
    },
    "node_modules/@types/semver": {
      "version": "7.7.1",
      "license": "MIT"
    },
    "node_modules/@types/validator": {
      "version": "13.15.3",
      "devOptional": true,
      "license": "MIT"
    },
    "node_modules/@whatwg-node/disposablestack": {
      "version": "0.0.6",
      "license": "MIT",
      "dependencies": {
        "@whatwg-node/promise-helpers": "^1.0.0",
        "tslib": "^2.6.3"
      },
      "engines": {
        "node": ">=18.0.0"
      }
    },
    "node_modules/@whatwg-node/events": {
      "version": "0.1.2",
      "license": "MIT",
      "dependencies": {
        "tslib": "^2.6.3"
      },
      "engines": {
        "node": ">=18.0.0"
      }
    },
    "node_modules/@whatwg-node/fetch": {
      "version": "0.10.11",
      "license": "MIT",
      "dependencies": {
        "@whatwg-node/node-fetch": "^0.8.0",
        "urlpattern-polyfill": "^10.0.0"
      },
      "engines": {
        "node": ">=18.0.0"
      }
    },
    "node_modules/@whatwg-node/node-fetch": {
      "version": "0.8.0",
      "license": "MIT",
      "dependencies": {
        "@fastify/busboy": "^3.1.1",
        "@whatwg-node/disposablestack": "^0.0.6",
        "@whatwg-node/promise-helpers": "^1.3.2",
        "tslib": "^2.6.3"
      },
      "engines": {
        "node": ">=18.0.0"
      }
    },
    "node_modules/@whatwg-node/promise-helpers": {
      "version": "1.3.2",
      "license": "MIT",
      "dependencies": {
        "tslib": "^2.6.3"
      },
      "engines": {
        "node": ">=16.0.0"
      }
    },
    "node_modules/@whatwg-node/server": {
      "version": "0.10.12",
      "license": "MIT",
      "dependencies": {
        "@envelop/instrumentation": "^1.0.0",
        "@whatwg-node/disposablestack": "^0.0.6",
        "@whatwg-node/fetch": "^0.10.10",
        "@whatwg-node/promise-helpers": "^1.3.2",
        "tslib": "^2.6.3"
      },
      "engines": {
        "node": ">=18.0.0"
      }
    },
    "node_modules/acorn": {
      "version": "8.15.0",
      "dev": true,
      "license": "MIT",
      "bin": {
        "acorn": "bin/acorn"
      },
      "engines": {
        "node": ">=0.4.0"
      }
    },
    "node_modules/acorn-walk": {
      "version": "8.3.4",
      "dev": true,
      "license": "MIT",
      "dependencies": {
        "acorn": "^8.11.0"
      },
      "engines": {
        "node": ">=0.4.0"
      }
    },
    "node_modules/arg": {
      "version": "4.1.3",
      "dev": true,
      "license": "MIT"
    },
    "node_modules/c12": {
      "version": "3.1.0",
      "devOptional": true,
      "license": "MIT",
      "dependencies": {
        "chokidar": "^4.0.3",
        "confbox": "^0.2.2",
        "defu": "^6.1.4",
        "dotenv": "^16.6.1",
        "exsolve": "^1.0.7",
        "giget": "^2.0.0",
        "jiti": "^2.4.2",
        "ohash": "^2.0.11",
        "pathe": "^2.0.3",
        "perfect-debounce": "^1.0.0",
        "pkg-types": "^2.2.0",
        "rc9": "^2.1.2"
      },
      "peerDependencies": {
        "magicast": "^0.3.5"
      },
      "peerDependenciesMeta": {
        "magicast": {
          "optional": true
        }
      }
    },
    "node_modules/chokidar": {
      "version": "4.0.3",
      "devOptional": true,
      "license": "MIT",
      "dependencies": {
        "readdirp": "^4.0.1"
      },
      "engines": {
        "node": ">= 14.16.0"
      },
      "funding": {
        "url": "https://paulmillr.com/funding/"
      }
    },
    "node_modules/citty": {
      "version": "0.1.6",
      "devOptional": true,
      "license": "MIT",
      "dependencies": {
        "consola": "^3.2.3"
      }
    },
    "node_modules/class-validator": {
      "version": "0.14.2",
      "devOptional": true,
      "license": "MIT",
      "dependencies": {
        "@types/validator": "^13.11.8",
        "libphonenumber-js": "^1.11.1",
        "validator": "^13.9.0"
      }
    },
    "node_modules/confbox": {
      "version": "0.2.2",
      "devOptional": true,
      "license": "MIT"
    },
    "node_modules/consola": {
      "version": "3.4.2",
      "devOptional": true,
      "license": "MIT",
      "engines": {
        "node": "^14.18.0 || >=16.10.0"
      }
    },
    "node_modules/create-require": {
      "version": "1.1.1",
      "dev": true,
      "license": "MIT"
    },
    "node_modules/cross-inspect": {
      "version": "1.0.1",
      "license": "MIT",
      "dependencies": {
        "tslib": "^2.4.0"
      },
      "engines": {
        "node": ">=16.0.0"
      }
    },
    "node_modules/deepmerge-ts": {
      "version": "7.1.5",
      "devOptional": true,
      "license": "BSD-3-Clause",
      "engines": {
        "node": ">=16.0.0"
      }
    },
    "node_modules/defu": {
      "version": "6.1.4",
      "devOptional": true,
      "license": "MIT"
    },
    "node_modules/destr": {
      "version": "2.0.5",
      "devOptional": true,
      "license": "MIT"
    },
    "node_modules/diff": {
      "version": "4.0.2",
      "dev": true,
      "license": "BSD-3-Clause",
      "engines": {
        "node": ">=0.3.1"
      }
    },
    "node_modules/dotenv": {
      "version": "16.6.1",
      "devOptional": true,
      "license": "BSD-2-Clause",
      "engines": {
        "node": ">=12"
      },
      "funding": {
        "url": "https://dotenvx.com"
      }
    },
    "node_modules/dset": {
      "version": "3.1.4",
      "license": "MIT",
      "engines": {
        "node": ">=4"
      }
    },
    "node_modules/effect": {
      "version": "3.16.12",
      "devOptional": true,
      "license": "MIT",
      "dependencies": {
        "@standard-schema/spec": "^1.0.0",
        "fast-check": "^3.23.1"
      }
    },
    "node_modules/empathic": {
      "version": "2.0.0",
      "devOptional": true,
      "license": "MIT",
      "engines": {
        "node": ">=14"
      }
    },
    "node_modules/exsolve": {
      "version": "1.0.7",
      "devOptional": true,
      "license": "MIT"
    },
    "node_modules/fast-check": {
      "version": "3.23.2",
      "devOptional": true,
      "funding": [
        {
          "type": "individual",
          "url": "https://github.com/sponsors/dubzzz"
        },
        {
          "type": "opencollective",
          "url": "https://opencollective.com/fast-check"
        }
      ],
      "license": "MIT",
      "dependencies": {
        "pure-rand": "^6.1.0"
      },
      "engines": {
        "node": ">=8.0.0"
      }
    },
    "node_modules/giget": {
      "version": "2.0.0",
      "devOptional": true,
      "license": "MIT",
      "dependencies": {
        "citty": "^0.1.6",
        "consola": "^3.4.0",
        "defu": "^6.1.4",
        "node-fetch-native": "^1.6.6",
        "nypm": "^0.6.0",
        "pathe": "^2.0.3"
      },
      "bin": {
        "giget": "dist/cli.mjs"
      }
    },
    "node_modules/graphql": {
      "version": "16.11.0",
      "license": "MIT",
      "engines": {
        "node": "^12.22.0 || ^14.16.0 || ^16.0.0 || >=17.0.0"
      }
    },
    "node_modules/graphql-fields": {
      "version": "2.0.3",
      "license": "MIT"
    },
    "node_modules/graphql-query-complexity": {
      "version": "0.12.0",
      "license": "MIT",
      "dependencies": {
        "lodash.get": "^4.4.2"
      },
      "peerDependencies": {
        "graphql": "^14.6.0 || ^15.0.0 || ^16.0.0"
      }
    },
    "node_modules/graphql-scalars": {
      "version": "1.24.2",
      "license": "MIT",
      "dependencies": {
        "tslib": "^2.5.0"
      },
      "engines": {
        "node": ">=10"
      },
      "peerDependencies": {
        "graphql": "^0.8.0 || ^0.9.0 || ^0.10.0 || ^0.11.0 || ^0.12.0 || ^0.13.0 || ^14.0.0 || ^15.0.0 || ^16.0.0"
      }
    },
    "node_modules/graphql-yoga": {
      "version": "5.16.0",
      "license": "MIT",
      "dependencies": {
        "@envelop/core": "^5.3.0",
        "@envelop/instrumentation": "^1.0.0",
        "@graphql-tools/executor": "^1.4.0",
        "@graphql-tools/schema": "^10.0.11",
        "@graphql-tools/utils": "^10.6.2",
        "@graphql-yoga/logger": "^2.0.1",
        "@graphql-yoga/subscription": "^5.0.5",
        "@whatwg-node/fetch": "^0.10.6",
        "@whatwg-node/promise-helpers": "^1.2.4",
        "@whatwg-node/server": "^0.10.5",
        "dset": "^3.1.4",
        "lru-cache": "^10.0.0",
        "tslib": "^2.8.1"
      },
      "engines": {
        "node": ">=18.0.0"
      },
      "peerDependencies": {
        "graphql": "^15.2.0 || ^16.0.0"
      }
    },
    "node_modules/jiti": {
      "version": "2.6.0",
      "devOptional": true,
      "license": "MIT",
      "bin": {
        "jiti": "lib/jiti-cli.mjs"
      }
    },
    "node_modules/libphonenumber-js": {
      "version": "1.12.23",
      "devOptional": true,
      "license": "MIT"
    },
    "node_modules/lodash.get": {
      "version": "4.4.2",
      "license": "MIT"
    },
    "node_modules/lru-cache": {
      "version": "10.4.3",
      "license": "ISC"
    },
    "node_modules/make-error": {
      "version": "1.3.6",
      "dev": true,
      "license": "ISC"
    },
    "node_modules/node-fetch-native": {
      "version": "1.6.7",
      "devOptional": true,
      "license": "MIT"
    },
    "node_modules/nypm": {
      "version": "0.6.2",
      "devOptional": true,
      "license": "MIT",
      "dependencies": {
        "citty": "^0.1.6",
        "consola": "^3.4.2",
        "pathe": "^2.0.3",
        "pkg-types": "^2.3.0",
        "tinyexec": "^1.0.1"
      },
      "bin": {
        "nypm": "dist/cli.mjs"
      },
      "engines": {
        "node": "^14.16.0 || >=16.10.0"
      }
    },
    "node_modules/ohash": {
      "version": "2.0.11",
      "devOptional": true,
      "license": "MIT"
    },
    "node_modules/pathe": {
      "version": "2.0.3",
      "devOptional": true,
      "license": "MIT"
    },
    "node_modules/perfect-debounce": {
      "version": "1.0.0",
      "devOptional": true,
      "license": "MIT"
    },
    "node_modules/pkg-types": {
      "version": "2.3.0",
      "devOptional": true,
      "license": "MIT",
      "dependencies": {
        "confbox": "^0.2.2",
        "exsolve": "^1.0.7",
        "pathe": "^2.0.3"
      }
    },
    "node_modules/prisma": {
      "version": "6.16.2",
      "devOptional": true,
      "hasInstallScript": true,
      "license": "Apache-2.0",
      "dependencies": {
        "@prisma/config": "6.16.2",
        "@prisma/engines": "6.16.2"
      },
      "bin": {
        "prisma": "build/index.js"
      },
      "engines": {
        "node": ">=18.18"
      },
      "peerDependencies": {
        "typescript": ">=5.1.0"
      },
      "peerDependenciesMeta": {
        "typescript": {
          "optional": true
        }
      }
    },
    "node_modules/pure-rand": {
      "version": "6.1.0",
      "devOptional": true,
      "funding": [
        {
          "type": "individual",
          "url": "https://github.com/sponsors/dubzzz"
        },
        {
          "type": "opencollective",
          "url": "https://opencollective.com/fast-check"
        }
      ],
      "license": "MIT"
    },
    "node_modules/rc9": {
      "version": "2.1.2",
      "devOptional": true,
      "license": "MIT",
      "dependencies": {
        "defu": "^6.1.4",
        "destr": "^2.0.3"
      }
    },
    "node_modules/readdirp": {
      "version": "4.1.2",
      "devOptional": true,
      "license": "MIT",
      "engines": {
        "node": ">= 14.18.0"
      },
      "funding": {
        "type": "individual",
        "url": "https://paulmillr.com/funding/"
      }
    },
    "node_modules/reflect-metadata": {
      "version": "0.2.2",
      "resolved": "https://registry.npmjs.org/reflect-metadata/-/reflect-metadata-0.2.2.tgz",
      "integrity": "sha512-urBwgfrvVP/eAyXx4hluJivBKzuEbSQs9rKWCrCkbSxNv8mxPcUZKeuoF3Uy4mJl3Lwprp6yy5/39VWigZ4K6Q==",
      "license": "Apache-2.0"
    },
    "node_modules/semver": {
      "version": "7.7.2",
      "license": "ISC",
      "bin": {
        "semver": "bin/semver.js"
      },
      "engines": {
        "node": ">=10"
      }
    },
    "node_modules/tinyexec": {
      "version": "1.0.1",
      "devOptional": true,
      "license": "MIT"
    },
    "node_modules/ts-node": {
      "version": "10.9.2",
      "dev": true,
      "license": "MIT",
      "dependencies": {
        "@cspotcode/source-map-support": "^0.8.0",
        "@tsconfig/node10": "^1.0.7",
        "@tsconfig/node12": "^1.0.7",
        "@tsconfig/node14": "^1.0.0",
        "@tsconfig/node16": "^1.0.2",
        "acorn": "^8.4.1",
        "acorn-walk": "^8.1.1",
        "arg": "^4.1.0",
        "create-require": "^1.1.0",
        "diff": "^4.0.1",
        "make-error": "^1.1.1",
        "v8-compile-cache-lib": "^3.0.1",
        "yn": "3.1.1"
      },
      "bin": {
        "ts-node": "dist/bin.js",
        "ts-node-cwd": "dist/bin-cwd.js",
        "ts-node-esm": "dist/bin-esm.js",
        "ts-node-script": "dist/bin-script.js",
        "ts-node-transpile-only": "dist/bin-transpile.js",
        "ts-script": "dist/bin-script-deprecated.js"
      },
      "peerDependencies": {
        "@swc/core": ">=1.2.50",
        "@swc/wasm": ">=1.2.50",
        "@types/node": "*",
        "typescript": ">=2.7"
      },
      "peerDependenciesMeta": {
        "@swc/core": {
          "optional": true
        },
        "@swc/wasm": {
          "optional": true
        }
      }
    },
    "node_modules/tslib": {
      "version": "2.8.1",
      "license": "0BSD"
    },
    "node_modules/type-graphql": {
      "version": "2.0.0-rc.2",
      "funding": [
        {
          "type": "github",
          "url": "https://github.com/sponsors/TypeGraphQL"
        },
        {
          "type": "opencollective",
          "url": "https://opencollective.com/typegraphql"
        }
      ],
      "license": "MIT",
      "dependencies": {
        "@graphql-yoga/subscription": "^5.0.0",
        "@types/node": "*",
        "@types/semver": "^7.5.6",
        "graphql-query-complexity": "^0.12.0",
        "semver": "^7.5.4",
        "tslib": "^2.6.2"
      },
      "engines": {
        "node": ">= 18.12.0"
      },
      "peerDependencies": {
        "class-validator": ">=0.14.0",
        "graphql": "^16.8.1",
        "graphql-scalars": "^1.23.0"
      },
      "peerDependenciesMeta": {
        "class-validator": {
          "optional": true
        }
      }
    },
    "node_modules/typescript": {
      "version": "5.9.2",
      "resolved": "https://registry.npmjs.org/typescript/-/typescript-5.9.2.tgz",
      "integrity": "sha512-CWBzXQrc/qOkhidw1OzBTQuYRbfyxDXJMVJ1XNwUHGROVmuaeiEm3OslpZ1RV96d7SKKjZKrSJu3+t/xlw3R9A==",
      "devOptional": true,
      "license": "Apache-2.0",
      "bin": {
        "tsc": "bin/tsc",
        "tsserver": "bin/tsserver"
      },
      "engines": {
        "node": ">=14.17"
      }
    },
    "node_modules/undici-types": {
      "version": "7.12.0",
      "resolved": "https://registry.npmjs.org/undici-types/-/undici-types-7.12.0.tgz",
      "integrity": "sha512-goOacqME2GYyOZZfb5Lgtu+1IDmAlAEu5xnD3+xTzS10hT0vzpf0SPjkXwAw9Jm+4n/mQGDP3LO8CPbYROeBfQ==",
      "license": "MIT"
    },
    "node_modules/urlpattern-polyfill": {
      "version": "10.1.0",
      "license": "MIT"
    },
    "node_modules/v8-compile-cache-lib": {
      "version": "3.0.1",
      "dev": true,
      "license": "MIT"
    },
    "node_modules/validator": {
      "version": "13.15.15",
      "devOptional": true,
      "license": "MIT",
      "engines": {
        "node": ">= 0.10"
      }
    },
    "node_modules/yn": {
      "version": "3.1.1",
      "dev": true,
      "license": "MIT",
      "engines": {
        "node": ">=6"
      }
    }
  }
}
